
Microsoft Visual Studio Solution File, Format Version 12.00
# Visual Studio Version 17
VisualStudioVersion = 17.0.32112.339
MinimumVisualStudioVersion = 10.0.40219.1
Project("{FAE04EC0-301F-11D3-BF4B-00C04F79EFBC}") = "Testproject", "Testproject\Testproject.csproj", "{9FE01BDF-6685-4EB3-8A81-1304B105D203}"
EndProject
Global
	GlobalSection(SolutionConfigurationPlatforms) = preSolution
		Debug|Any CPU = Debug|Any CPU
		Release|Any CPU = Release|Any CPU
	EndGlobalSection
	GlobalSection(ProjectConfigurationPlatforms) = postSolution
		{9FE01BDF-6685-4EB3-8A81-1304B105D203}.Debug|Any CPU.ActiveCfg = Debug|Any CPU
		{9FE01BDF-6685-4EB3-8A81-1304B105D203}.Debug|Any CPU.Build.0 = Debug|Any CPU
		{9FE01BDF-6685-4EB3-8A81-1304B105D203}.Release|Any CPU.ActiveCfg = Release|Any CPU
		{9FE01BDF-6685-4EB3-8A81-1304B105D203}.Release|Any CPU.Build.0 = Release|Any CPU
	EndGlobalSection
	GlobalSection(SolutionProperties) = preSolution
		HideSolutionNode = FALSE
	EndGlobalSection
	GlobalSection(ExtensibilityGlobals) = postSolution
		SolutionGuid = {5EA13D29-E684-4EE8-8F43-4F3447C230E6}
	EndGlobalSection
EndGlobal
